
Microsoft Visual Studio Solution File, Format Version 12.00
# Visual Studio 15
VisualStudioVersion = 15.0.28010.2041
MinimumVisualStudioVersion = 10.0.40219.1
Project("{FAE04EC0-301F-11D3-BF4B-00C04F79EFBC}") = "7.13", "7.13\7.13.csproj", "{005CC307-8AC1-4305-AD76-DCC0253D50AA}"
EndProject
Global
	GlobalSection(SolutionConfigurationPlatforms) = preSolution
		Debug|Any CPU = Debug|Any CPU
		Release|Any CPU = Release|Any CPU
	EndGlobalSection
	GlobalSection(ProjectConfigurationPlatforms) = postSolution
		{005CC307-8AC1-4305-AD76-DCC0253D50AA}.Debug|Any CPU.ActiveCfg = Debug|Any CPU
		{005CC307-8AC1-4305-AD76-DCC0253D50AA}.Debug|Any CPU.Build.0 = Debug|Any CPU
		{005CC307-8AC1-4305-AD76-DCC0253D50AA}.Release|Any CPU.ActiveCfg = Release|Any CPU
		{005CC307-8AC1-4305-AD76-DCC0253D50AA}.Release|Any CPU.Build.0 = Release|Any CPU
	EndGlobalSection
	GlobalSection(SolutionProperties) = preSolution
		HideSolutionNode = FALSE
	EndGlobalSection
	GlobalSection(ExtensibilityGlobals) = postSolution
		SolutionGuid = {AF87BF2A-1E02-409D-9829-2A136F85D6D1}
	EndGlobalSection
EndGlobal
