
Microsoft Visual Studio Solution File, Format Version 12.00
# Visual Studio 15
VisualStudioVersion = 15.0.28010.2041
MinimumVisualStudioVersion = 10.0.40219.1
Project("{FAE04EC0-301F-11D3-BF4B-00C04F79EFBC}") = "7.22", "7.22\7.22.csproj", "{2FC85F40-B2A0-45BB-881A-5E0721E73977}"
EndProject
Global
	GlobalSection(SolutionConfigurationPlatforms) = preSolution
		Debug|Any CPU = Debug|Any CPU
		Release|Any CPU = Release|Any CPU
	EndGlobalSection
	GlobalSection(ProjectConfigurationPlatforms) = postSolution
		{2FC85F40-B2A0-45BB-881A-5E0721E73977}.Debug|Any CPU.ActiveCfg = Debug|Any CPU
		{2FC85F40-B2A0-45BB-881A-5E0721E73977}.Debug|Any CPU.Build.0 = Debug|Any CPU
		{2FC85F40-B2A0-45BB-881A-5E0721E73977}.Release|Any CPU.ActiveCfg = Release|Any CPU
		{2FC85F40-B2A0-45BB-881A-5E0721E73977}.Release|Any CPU.Build.0 = Release|Any CPU
	EndGlobalSection
	GlobalSection(SolutionProperties) = preSolution
		HideSolutionNode = FALSE
	EndGlobalSection
	GlobalSection(ExtensibilityGlobals) = postSolution
		SolutionGuid = {453F45EB-2205-49BA-9709-4AF4258A1527}
	EndGlobalSection
EndGlobal
