
Microsoft Visual Studio Solution File, Format Version 12.00
# Visual Studio 15
VisualStudioVersion = 15.0.28010.2041
MinimumVisualStudioVersion = 10.0.40219.1
Project("{FAE04EC0-301F-11D3-BF4B-00C04F79EFBC}") = "7.12", "7.12\7.12.csproj", "{80A042B9-1458-42D2-9904-CDD64922F8C6}"
EndProject
Global
	GlobalSection(SolutionConfigurationPlatforms) = preSolution
		Debug|Any CPU = Debug|Any CPU
		Release|Any CPU = Release|Any CPU
	EndGlobalSection
	GlobalSection(ProjectConfigurationPlatforms) = postSolution
		{80A042B9-1458-42D2-9904-CDD64922F8C6}.Debug|Any CPU.ActiveCfg = Debug|Any CPU
		{80A042B9-1458-42D2-9904-CDD64922F8C6}.Debug|Any CPU.Build.0 = Debug|Any CPU
		{80A042B9-1458-42D2-9904-CDD64922F8C6}.Release|Any CPU.ActiveCfg = Release|Any CPU
		{80A042B9-1458-42D2-9904-CDD64922F8C6}.Release|Any CPU.Build.0 = Release|Any CPU
	EndGlobalSection
	GlobalSection(SolutionProperties) = preSolution
		HideSolutionNode = FALSE
	EndGlobalSection
	GlobalSection(ExtensibilityGlobals) = postSolution
		SolutionGuid = {4531A110-49AE-453B-8F46-DEFA05776071}
	EndGlobalSection
EndGlobal
