
Microsoft Visual Studio Solution File, Format Version 12.00
# Visual Studio 15
VisualStudioVersion = 15.0.28010.2041
MinimumVisualStudioVersion = 10.0.40219.1
Project("{FAE04EC0-301F-11D3-BF4B-00C04F79EFBC}") = "7.20", "7.20\7.20.csproj", "{508B8928-410C-4A59-A3A0-AC2635E2146F}"
EndProject
Global
	GlobalSection(SolutionConfigurationPlatforms) = preSolution
		Debug|Any CPU = Debug|Any CPU
		Release|Any CPU = Release|Any CPU
	EndGlobalSection
	GlobalSection(ProjectConfigurationPlatforms) = postSolution
		{508B8928-410C-4A59-A3A0-AC2635E2146F}.Debug|Any CPU.ActiveCfg = Debug|Any CPU
		{508B8928-410C-4A59-A3A0-AC2635E2146F}.Debug|Any CPU.Build.0 = Debug|Any CPU
		{508B8928-410C-4A59-A3A0-AC2635E2146F}.Release|Any CPU.ActiveCfg = Release|Any CPU
		{508B8928-410C-4A59-A3A0-AC2635E2146F}.Release|Any CPU.Build.0 = Release|Any CPU
	EndGlobalSection
	GlobalSection(SolutionProperties) = preSolution
		HideSolutionNode = FALSE
	EndGlobalSection
	GlobalSection(ExtensibilityGlobals) = postSolution
		SolutionGuid = {D9DD5343-A963-412A-831B-81CE4FC3273F}
	EndGlobalSection
EndGlobal
