
Microsoft Visual Studio Solution File, Format Version 12.00
# Visual Studio 15
VisualStudioVersion = 15.0.28010.2041
MinimumVisualStudioVersion = 10.0.40219.1
Project("{FAE04EC0-301F-11D3-BF4B-00C04F79EFBC}") = "7.14", "7.14\7.14.csproj", "{111A9B5F-666E-4E12-B77D-397FC481B0F2}"
EndProject
Global
	GlobalSection(SolutionConfigurationPlatforms) = preSolution
		Debug|Any CPU = Debug|Any CPU
		Release|Any CPU = Release|Any CPU
	EndGlobalSection
	GlobalSection(ProjectConfigurationPlatforms) = postSolution
		{111A9B5F-666E-4E12-B77D-397FC481B0F2}.Debug|Any CPU.ActiveCfg = Debug|Any CPU
		{111A9B5F-666E-4E12-B77D-397FC481B0F2}.Debug|Any CPU.Build.0 = Debug|Any CPU
		{111A9B5F-666E-4E12-B77D-397FC481B0F2}.Release|Any CPU.ActiveCfg = Release|Any CPU
		{111A9B5F-666E-4E12-B77D-397FC481B0F2}.Release|Any CPU.Build.0 = Release|Any CPU
	EndGlobalSection
	GlobalSection(SolutionProperties) = preSolution
		HideSolutionNode = FALSE
	EndGlobalSection
	GlobalSection(ExtensibilityGlobals) = postSolution
		SolutionGuid = {F424F415-5AE3-47FD-906D-8D133D978256}
	EndGlobalSection
EndGlobal
