
Microsoft Visual Studio Solution File, Format Version 12.00
# Visual Studio 15
VisualStudioVersion = 15.0.28010.2041
MinimumVisualStudioVersion = 10.0.40219.1
Project("{FAE04EC0-301F-11D3-BF4B-00C04F79EFBC}") = "7.12v", "7.12v\7.12v.csproj", "{97442EA4-E8D7-4B23-A278-2BDFEEEE550A}"
EndProject
Global
	GlobalSection(SolutionConfigurationPlatforms) = preSolution
		Debug|Any CPU = Debug|Any CPU
		Release|Any CPU = Release|Any CPU
	EndGlobalSection
	GlobalSection(ProjectConfigurationPlatforms) = postSolution
		{97442EA4-E8D7-4B23-A278-2BDFEEEE550A}.Debug|Any CPU.ActiveCfg = Debug|Any CPU
		{97442EA4-E8D7-4B23-A278-2BDFEEEE550A}.Debug|Any CPU.Build.0 = Debug|Any CPU
		{97442EA4-E8D7-4B23-A278-2BDFEEEE550A}.Release|Any CPU.ActiveCfg = Release|Any CPU
		{97442EA4-E8D7-4B23-A278-2BDFEEEE550A}.Release|Any CPU.Build.0 = Release|Any CPU
	EndGlobalSection
	GlobalSection(SolutionProperties) = preSolution
		HideSolutionNode = FALSE
	EndGlobalSection
	GlobalSection(ExtensibilityGlobals) = postSolution
		SolutionGuid = {5F0F5C91-B96B-451F-9F2F-1354DDC6F9C2}
	EndGlobalSection
EndGlobal
