
Microsoft Visual Studio Solution File, Format Version 12.00
# Visual Studio 15
VisualStudioVersion = 15.0.28010.2041
MinimumVisualStudioVersion = 10.0.40219.1
Project("{FAE04EC0-301F-11D3-BF4B-00C04F79EFBC}") = "7.12b", "7.12b\7.12b.csproj", "{04BC7F5C-2D1D-4DC9-9D99-2BDDE2B0C8E4}"
EndProject
Global
	GlobalSection(SolutionConfigurationPlatforms) = preSolution
		Debug|Any CPU = Debug|Any CPU
		Release|Any CPU = Release|Any CPU
	EndGlobalSection
	GlobalSection(ProjectConfigurationPlatforms) = postSolution
		{04BC7F5C-2D1D-4DC9-9D99-2BDDE2B0C8E4}.Debug|Any CPU.ActiveCfg = Debug|Any CPU
		{04BC7F5C-2D1D-4DC9-9D99-2BDDE2B0C8E4}.Debug|Any CPU.Build.0 = Debug|Any CPU
		{04BC7F5C-2D1D-4DC9-9D99-2BDDE2B0C8E4}.Release|Any CPU.ActiveCfg = Release|Any CPU
		{04BC7F5C-2D1D-4DC9-9D99-2BDDE2B0C8E4}.Release|Any CPU.Build.0 = Release|Any CPU
	EndGlobalSection
	GlobalSection(SolutionProperties) = preSolution
		HideSolutionNode = FALSE
	EndGlobalSection
	GlobalSection(ExtensibilityGlobals) = postSolution
		SolutionGuid = {5944F032-EF27-4B93-A4F2-916D45EFE407}
	EndGlobalSection
EndGlobal
